
Microsoft Visual Studio Solution File, Format Version 12.00
# Visual Studio Version 17
VisualStudioVersion = 17.7.34031.279
MinimumVisualStudioVersion = 10.0.40219.1
Project("{FAE04EC0-301F-11D3-BF4B-00C04F79EFBC}") = "dev_dynamics.customization", "ClassLibrary1\dev_dynamics.customization.csproj", "{A0DEDFF6-0F12-4B70-B103-84F44E8521F3}"
EndProject
Global
	GlobalSection(SolutionConfigurationPlatforms) = preSolution
		Debug|Any CPU = Debug|Any CPU
		Release|Any CPU = Release|Any CPU
	EndGlobalSection
	GlobalSection(ProjectConfigurationPlatforms) = postSolution
		{A0DEDFF6-0F12-4B70-B103-84F44E8521F3}.Debug|Any CPU.ActiveCfg = Debug|Any CPU
		{A0DEDFF6-0F12-4B70-B103-84F44E8521F3}.Debug|Any CPU.Build.0 = Debug|Any CPU
		{A0DEDFF6-0F12-4B70-B103-84F44E8521F3}.Release|Any CPU.ActiveCfg = Release|Any CPU
		{A0DEDFF6-0F12-4B70-B103-84F44E8521F3}.Release|Any CPU.Build.0 = Release|Any CPU
	EndGlobalSection
	GlobalSection(SolutionProperties) = preSolution
		HideSolutionNode = FALSE
	EndGlobalSection
	GlobalSection(ExtensibilityGlobals) = postSolution
		SolutionGuid = {44779127-CFA7-4210-8C82-FFDD4BE661B0}
	EndGlobalSection
EndGlobal
